# This file is autogenerated, do not edit; changes may be undone by the next 'dep ensure'.


[[projects]]
  name = "github.com/PuerkitoBio/goquery"
  packages = ["."]
  revision = "e1271ee34c6a305e38566ecd27ae374944907ee9"
  version = "v1.1.0"

[[projects]]
  branch = "master"
  name = "github.com/andybalholm/cascadia"
  packages = ["."]
  revision = "349dd0209470eabd9514242c688c403c0926d266"

[[projects]]
  name = "github.com/cheggaaa/pb"
  packages = ["."]
  revision = "4a1bf7a97d1348c5b50aabf6e1eb0496ca0a3d33"
  version = "v2.0.4"

[[projects]]
  name = "github.com/mattn/go-colorable"
  packages = ["."]
  revision = "941b50ebc6efddf4c41c8e4537a5f68a4e686b24"
  version = "v0.0.8"

[[projects]]
  name = "github.com/mattn/go-isatty"
  packages = ["."]
  revision = "2c84d1a24228fa4786c0c3d19a507e8cb0fb91d7"

[[projects]]
  name = "github.com/mdp/qrterminal"
  packages = ["."]
  revision = "39c97d9923c8839fed476cd8647718a92af5fa2f"
  version = "v0.1.1"

[[projects]]
  branch = "master"
  name = "github.com/mdp/rsc"
  packages = ["gf256","qr","qr/coding"]
  revision = "90f07065088deccf50b28eb37c93dad3078c0f3c"

[[projects]]
  name = "github.com/songtianyi/laosj"
  packages = ["spider"]
  revision = "a2959e8342a1bff776d4034592a1bfd23fffbc77"
  version = "v1.0.9"

[[projects]]
  branch = "master"
  name = "github.com/songtianyi/rrframework"
  packages = ["config","logs","storage"]
  revision = "feb983ace8e14330bba25f268d3c4a235a51b6c2"

[[projects]]
  branch = "master"
  name = "github.com/songtianyi/wechat-go"
  packages = ["plugins/wxweb/cleaner","plugins/wxweb/faceplusplus","plugins/wxweb/forwarder","plugins/wxweb/gifer","plugins/wxweb/joker","plugins/wxweb/laosj","plugins/wxweb/replier","plugins/wxweb/revoker","plugins/wxweb/share","plugins/wxweb/switcher","plugins/wxweb/system","plugins/wxweb/verify","plugins/wxweb/youdao","wxweb"]
  revision = "3c8c67d691b9a8131488ef569e2e022bbf8b4542"

[[projects]]
  branch = "master"
  name = "golang.org/x/net"
  packages = ["html","html/atom","websocket"]
  revision = "f5079bd7f6f74e23c4d65efa0f4ce14cbd6a3c0f"

[[projects]]
  branch = "master"
  name = "golang.org/x/sys"
  packages = ["unix"]
  revision = "396c9fc8fb0ce27fc7a1ff136dc5af797bba258a"

[[projects]]
  name = "gopkg.in/VividCortex/ewma.v1"
  packages = ["."]
  revision = "b24eb346a94c3ba12c1da1e564dbac1b498a77ce"
  version = "v1.1.1"

[[projects]]
  name = "gopkg.in/cheggaaa/pb.v2"
  packages = ["termutil"]
  revision = "1af3d14a5db95b9a9d344f9b6731cc0221ad3696"
  version = "v2.0.3"

[[projects]]
  name = "gopkg.in/fatih/color.v1"
  packages = ["."]
  revision = "570b54cabe6b8eb0bc2dfce68d964677d63b5260"
  version = "v1.5.0"

[[projects]]
  name = "gopkg.in/mattn/go-colorable.v0"
  packages = ["."]
  revision = "167de6bfdfba052fa6b2d3664c8f5272e23c9072"
  version = "v0.0.9"

[[projects]]
  name = "gopkg.in/mattn/go-isatty.v0"
  packages = ["."]
  revision = "fc9e8d8ef48496124e79ae0df75490096eccf6fe"
  version = "v0.0.2"

[[projects]]
  name = "gopkg.in/mattn/go-runewidth.v0"
  packages = ["."]
  revision = "9e777a8366cce605130a531d2cd6363d07ad7317"
  version = "v0.0.2"

[solve-meta]
  analyzer-name = "dep"
  analyzer-version = 1
  inputs-digest = "9ab08b4203e576cb8f66e17ea776dde97ed78a9e81596528d7632d0e40108f07"
  solver-name = "gps-cdcl"
  solver-version = 1
